// !$*UTF8*$!
{
	archiveVersion = 1;
	classes = {
	};
	objectVersion = 51;
	objects = {

/* Begin PBXBuildFile section */
		770C79DB247AFB4300601DAB /* CharacterTableViewCell.swift in Sources */ = {isa = PBXBuildFile; fileRef = 770C79DA247AFB4300601DAB /* CharacterTableViewCell.swift */; };
		77280C10247B01BB0097C27F /* CharacterDeatails.swift in Sources */ = {isa = PBXBuildFile; fileRef = 77280C0F247B01BB0097C27F /* CharacterDeatails.swift */; };
		77280C14247B03170097C27F /* CharacterDeatails.storyboard in Resources */ = {isa = PBXBuildFile; fileRef = 77280C13247B03170097C27F /* CharacterDeatails.storyboard */; };
		775E8F092478ECA200ADA32A /* AppDelegate.swift in Sources */ = {isa = PBXBuildFile; fileRef = 775E8F082478ECA200ADA32A /* AppDelegate.swift */; };
		775E8F0B2478ECA200ADA32A /* SceneDelegate.swift in Sources */ = {isa = PBXBuildFile; fileRef = 775E8F0A2478ECA200ADA32A /* SceneDelegate.swift */; };
		775E8F0D2478ECA200ADA32A /* ListViewController.swift in Sources */ = {isa = PBXBuildFile; fileRef = 775E8F0C2478ECA200ADA32A /* ListViewController.swift */; };
		775E8F102478ECA200ADA32A /* Main.storyboard in Resources */ = {isa = PBXBuildFile; fileRef = 775E8F0E2478ECA200ADA32A /* Main.storyboard */; };
		775E8F122478ECA600ADA32A /* Assets.xcassets in Resources */ = {isa = PBXBuildFile; fileRef = 775E8F112478ECA600ADA32A /* Assets.xcassets */; };
		775E8F152478ECA600ADA32A /* LaunchScreen.storyboard in Resources */ = {isa = PBXBuildFile; fileRef = 775E8F132478ECA600ADA32A /* LaunchScreen.storyboard */; };
		7780CAC0247B4EA50059A10A /* Marvel.swift in Sources */ = {isa = PBXBuildFile; fileRef = 7780CABF247B4EA50059A10A /* Marvel.swift */; };
		7780CAC2247B5F380059A10A /* Responses.swift in Sources */ = {isa = PBXBuildFile; fileRef = 7780CAC1247B5F380059A10A /* Responses.swift */; };
		7780CAC6247B859C0059A10A /* Dictionary+Ext.swift in Sources */ = {isa = PBXBuildFile; fileRef = 7780CAC5247B859C0059A10A /* Dictionary+Ext.swift */; };
		7780CAC8247B99AF0059A10A /* Character.swift in Sources */ = {isa = PBXBuildFile; fileRef = 7780CAC7247B99AF0059A10A /* Character.swift */; };
		7780CACA247B9FBC0059A10A /* CharacterList.swift in Sources */ = {isa = PBXBuildFile; fileRef = 7780CAC9247B9FBC0059A10A /* CharacterList.swift */; };
		77C94CED247C819A00CB1932 /* fontAnime.ttf in Resources */ = {isa = PBXBuildFile; fileRef = 77C94CEC247C80EC00CB1932 /* fontAnime.ttf */; };
		77F1A07D247AC992005A75A5 /* Presenter.swift in Sources */ = {isa = PBXBuildFile; fileRef = 77F1A07C247AC992005A75A5 /* Presenter.swift */; };
		A76EEA52E68AA8348DFC3110 /* Pods_MarvelApiChallenge.framework in Frameworks */ = {isa = PBXBuildFile; fileRef = F0BA47C6E241EDF97EA712DB /* Pods_MarvelApiChallenge.framework */; };
/* End PBXBuildFile section */

/* Begin PBXFileReference section */
		4DC1FC3CC850568CE75EB998 /* Pods-MarvelApiChallenge.release.xcconfig */ = {isa = PBXFileReference; includeInIndex = 1; lastKnownFileType = text.xcconfig; name = "Pods-MarvelApiChallenge.release.xcconfig"; path = "Target Support Files/Pods-MarvelApiChallenge/Pods-MarvelApiChallenge.release.xcconfig"; sourceTree = "<group>"; };
		770C79DA247AFB4300601DAB /* CharacterTableViewCell.swift */ = {isa = PBXFileReference; lastKnownFileType = sourcecode.swift; path = CharacterTableViewCell.swift; sourceTree = "<group>"; };
		77280C0F247B01BB0097C27F /* CharacterDeatails.swift */ = {isa = PBXFileReference; lastKnownFileType = sourcecode.swift; path = CharacterDeatails.swift; sourceTree = "<group>"; };
		77280C13247B03170097C27F /* CharacterDeatails.storyboard */ = {isa = PBXFileReference; lastKnownFileType = file.storyboard; path = CharacterDeatails.storyboard; sourceTree = "<group>"; };
		775E8F052478ECA200ADA32A /* MarvelApiChallenge.app */ = {isa = PBXFileReference; explicitFileType = wrapper.application; includeInIndex = 0; path = MarvelApiChallenge.app; sourceTree = BUILT_PRODUCTS_DIR; };
		775E8F082478ECA200ADA32A /* AppDelegate.swift */ = {isa = PBXFileReference; lastKnownFileType = sourcecode.swift; path = AppDelegate.swift; sourceTree = "<group>"; };
		775E8F0A2478ECA200ADA32A /* SceneDelegate.swift */ = {isa = PBXFileReference; lastKnownFileType = sourcecode.swift; path = SceneDelegate.swift; sourceTree = "<group>"; };
		775E8F0C2478ECA200ADA32A /* ListViewController.swift */ = {isa = PBXFileReference; lastKnownFileType = sourcecode.swift; path = ListViewController.swift; sourceTree = "<group>"; };
		775E8F0F2478ECA200ADA32A /* Base */ = {isa = PBXFileReference; lastKnownFileType = file.storyboard; name = Base; path = Base.lproj/Main.storyboard; sourceTree = "<group>"; };
		775E8F112478ECA600ADA32A /* Assets.xcassets */ = {isa = PBXFileReference; lastKnownFileType = folder.assetcatalog; path = Assets.xcassets; sourceTree = "<group>"; };
		775E8F142478ECA600ADA32A /* Base */ = {isa = PBXFileReference; lastKnownFileType = file.storyboard; name = Base; path = Base.lproj/LaunchScreen.storyboard; sourceTree = "<group>"; };
		775E8F162478ECA600ADA32A /* Info.plist */ = {isa = PBXFileReference; lastKnownFileType = text.plist.xml; path = Info.plist; sourceTree = "<group>"; };
		7780CABF247B4EA50059A10A /* Marvel.swift */ = {isa = PBXFileReference; lastKnownFileType = sourcecode.swift; path = Marvel.swift; sourceTree = "<group>"; };
		7780CAC1247B5F380059A10A /* Responses.swift */ = {isa = PBXFileReference; lastKnownFileType = sourcecode.swift; path = Responses.swift; sourceTree = "<group>"; };
		7780CAC5247B859C0059A10A /* Dictionary+Ext.swift */ = {isa = PBXFileReference; lastKnownFileType = sourcecode.swift; path = "Dictionary+Ext.swift"; sourceTree = "<group>"; };
		7780CAC7247B99AF0059A10A /* Character.swift */ = {isa = PBXFileReference; lastKnownFileType = sourcecode.swift; path = Character.swift; sourceTree = "<group>"; };
		7780CAC9247B9FBC0059A10A /* CharacterList.swift */ = {isa = PBXFileReference; lastKnownFileType = sourcecode.swift; path = CharacterList.swift; sourceTree = "<group>"; };
		77C94CEC247C80EC00CB1932 /* fontAnime.ttf */ = {isa = PBXFileReference; lastKnownFileType = file; path = fontAnime.ttf; sourceTree = "<group>"; };
		77F1A07C247AC992005A75A5 /* Presenter.swift */ = {isa = PBXFileReference; lastKnownFileType = sourcecode.swift; path = Presenter.swift; sourceTree = "<group>"; };
		F0BA47C6E241EDF97EA712DB /* Pods_MarvelApiChallenge.framework */ = {isa = PBXFileReference; explicitFileType = wrapper.framework; includeInIndex = 0; path = Pods_MarvelApiChallenge.framework; sourceTree = BUILT_PRODUCTS_DIR; };
		FF95BE09C3FC66FAAD74BF3B /* Pods-MarvelApiChallenge.debug.xcconfig */ = {isa = PBXFileReference; includeInIndex = 1; lastKnownFileType = text.xcconfig; name = "Pods-MarvelApiChallenge.debug.xcconfig"; path = "Target Support Files/Pods-MarvelApiChallenge/Pods-MarvelApiChallenge.debug.xcconfig"; sourceTree = "<group>"; };
/* End PBXFileReference section */

/* Begin PBXFrameworksBuildPhase section */
		775E8F022478ECA200ADA32A /* Frameworks */ = {
			isa = PBXFrameworksBuildPhase;
			buildActionMask = 2147483647;
			files = (
				A76EEA52E68AA8348DFC3110 /* Pods_MarvelApiChallenge.framework in Frameworks */,
			);
			runOnlyForDeploymentPostprocessing = 0;
		};
/* End PBXFrameworksBuildPhase section */

/* Begin PBXGroup section */
		72AB22B7E447DBCA815A98E7 /* Frameworks */ = {
			isa = PBXGroup;
			children = (
				F0BA47C6E241EDF97EA712DB /* Pods_MarvelApiChallenge.framework */,
			);
			name = Frameworks;
			sourceTree = "<group>";
		};
		77280C0E247B01850097C27F /* List */ = {
			isa = PBXGroup;
			children = (
				775E8F0C2478ECA200ADA32A /* ListViewController.swift */,
				770C79DA247AFB4300601DAB /* CharacterTableViewCell.swift */,
				775E8F0E2478ECA200ADA32A /* Main.storyboard */,
			);
			path = List;
			sourceTree = "<group>";
		};
		77280C15247B08BF0097C27F /* Network */ = {
			isa = PBXGroup;
			children = (
				7780CABF247B4EA50059A10A /* Marvel.swift */,
				7780CAC1247B5F380059A10A /* Responses.swift */,
			);
			path = Network;
			sourceTree = "<group>";
		};
		775E8EFC2478ECA200ADA32A = {
			isa = PBXGroup;
			children = (
				775E8F072478ECA200ADA32A /* MarvelApiChallenge */,
				77F1A082247ACB8A005A75A5 /* Utils */,
				775E8F062478ECA200ADA32A /* Products */,
				F9133A7233BE7B021A4FD21B /* Pods */,
				72AB22B7E447DBCA815A98E7 /* Frameworks */,
			);
			sourceTree = "<group>";
		};
		775E8F062478ECA200ADA32A /* Products */ = {
			isa = PBXGroup;
			children = (
				775E8F052478ECA200ADA32A /* MarvelApiChallenge.app */,
			);
			name = Products;
			sourceTree = "<group>";
		};
		775E8F072478ECA200ADA32A /* MarvelApiChallenge */ = {
			isa = PBXGroup;
			children = (
				77280C15247B08BF0097C27F /* Network */,
				77F1A078247AC0A7005A75A5 /* Model */,
				77F1A07A247AC0B5005A75A5 /* Presenter */,
				77F1A079247AC0B0005A75A5 /* View */,
				775E8F162478ECA600ADA32A /* Info.plist */,
			);
			path = MarvelApiChallenge;
			sourceTree = "<group>";
		};
		77F1A078247AC0A7005A75A5 /* Model */ = {
			isa = PBXGroup;
			children = (
				7780CAC5247B859C0059A10A /* Dictionary+Ext.swift */,
				7780CAC7247B99AF0059A10A /* Character.swift */,
				7780CAC9247B9FBC0059A10A /* CharacterList.swift */,
			);
			path = Model;
			sourceTree = "<group>";
		};
		77F1A079247AC0B0005A75A5 /* View */ = {
			isa = PBXGroup;
			children = (
				77280C0E247B01850097C27F /* List */,
				77F1A07E247ACABD005A75A5 /* Detail */,
			);
			path = View;
			sourceTree = "<group>";
		};
		77F1A07A247AC0B5005A75A5 /* Presenter */ = {
			isa = PBXGroup;
			children = (
				77F1A07C247AC992005A75A5 /* Presenter.swift */,
			);
			path = Presenter;
			sourceTree = "<group>";
		};
		77F1A07E247ACABD005A75A5 /* Detail */ = {
			isa = PBXGroup;
			children = (
				77280C0F247B01BB0097C27F /* CharacterDeatails.swift */,
				77280C13247B03170097C27F /* CharacterDeatails.storyboard */,
			);
			path = Detail;
			sourceTree = "<group>";
		};
		77F1A082247ACB8A005A75A5 /* Utils */ = {
			isa = PBXGroup;
			children = (
				77C94CEC247C80EC00CB1932 /* fontAnime.ttf */,
				775E8F112478ECA600ADA32A /* Assets.xcassets */,
				775E8F082478ECA200ADA32A /* AppDelegate.swift */,
				775E8F0A2478ECA200ADA32A /* SceneDelegate.swift */,
				775E8F132478ECA600ADA32A /* LaunchScreen.storyboard */,
			);
			path = Utils;
			sourceTree = "<group>";
		};
		F9133A7233BE7B021A4FD21B /* Pods */ = {
			isa = PBXGroup;
			children = (
				FF95BE09C3FC66FAAD74BF3B /* Pods-MarvelApiChallenge.debug.xcconfig */,
				4DC1FC3CC850568CE75EB998 /* Pods-MarvelApiChallenge.release.xcconfig */,
			);
			path = Pods;
			sourceTree = "<group>";
		};
/* End PBXGroup section */

/* Begin PBXNativeTarget section */
		775E8F042478ECA200ADA32A /* MarvelApiChallenge */ = {
			isa = PBXNativeTarget;
			buildConfigurationList = 775E8F192478ECA600ADA32A /* Build configuration list for PBXNativeTarget "MarvelApiChallenge" */;
			buildPhases = (
				9F02D9A4ACC0BB940616FBB1 /* [CP] Check Pods Manifest.lock */,
				775E8F012478ECA200ADA32A /* Sources */,
				775E8F022478ECA200ADA32A /* Frameworks */,
				775E8F032478ECA200ADA32A /* Resources */,
				091A58A5749665CD62F5E8E2 /* [CP] Embed Pods Frameworks */,
			);
			buildRules = (
			);
			dependencies = (
			);
			name = MarvelApiChallenge;
			productName = MarvelApiChallenge;
			productReference = 775E8F052478ECA200ADA32A /* MarvelApiChallenge.app */;
			productType = "com.apple.product-type.application";
		};
/* End PBXNativeTarget section */

/* Begin PBXProject section */
		775E8EFD2478ECA200ADA32A /* Project object */ = {
			isa = PBXProject;
			attributes = {
				LastSwiftUpdateCheck = 1150;
				LastUpgradeCheck = 1150;
				ORGANIZATIONNAME = "Guilherme Rangel";
				TargetAttributes = {
					775E8F042478ECA200ADA32A = {
						CreatedOnToolsVersion = 11.5;
					};
				};
			};
			buildConfigurationList = 775E8F002478ECA200ADA32A /* Build configuration list for PBXProject "MarvelApiChallenge" */;
			compatibilityVersion = "Xcode 9.3";
			developmentRegion = en;
			hasScannedForEncodings = 0;
			knownRegions = (
				en,
				Base,
			);
			mainGroup = 775E8EFC2478ECA200ADA32A;
			productRefGroup = 775E8F062478ECA200ADA32A /* Products */;
			projectDirPath = "";
			projectRoot = "";
			targets = (
				775E8F042478ECA200ADA32A /* MarvelApiChallenge */,
			);
		};
/* End PBXProject section */

/* Begin PBXResourcesBuildPhase section */
		775E8F032478ECA200ADA32A /* Resources */ = {
			isa = PBXResourcesBuildPhase;
			buildActionMask = 2147483647;
			files = (
				775E8F152478ECA600ADA32A /* LaunchScreen.storyboard in Resources */,
				775E8F122478ECA600ADA32A /* Assets.xcassets in Resources */,
				77C94CED247C819A00CB1932 /* fontAnime.ttf in Resources */,
				775E8F102478ECA200ADA32A /* Main.storyboard in Resources */,
				77280C14247B03170097C27F /* CharacterDeatails.storyboard in Resources */,
			);
			runOnlyForDeploymentPostprocessing = 0;
		};
/* End PBXResourcesBuildPhase section */

/* Begin PBXShellScriptBuildPhase section */
		091A58A5749665CD62F5E8E2 /* [CP] Embed Pods Frameworks */ = {
			isa = PBXShellScriptBuildPhase;
			buildActionMask = 2147483647;
			files = (
			);
			inputFileListPaths = (
				"${PODS_ROOT}/Target Support Files/Pods-MarvelApiChallenge/Pods-MarvelApiChallenge-frameworks-${CONFIGURATION}-input-files.xcfilelist",
			);
			name = "[CP] Embed Pods Frameworks";
			outputFileListPaths = (
				"${PODS_ROOT}/Target Support Files/Pods-MarvelApiChallenge/Pods-MarvelApiChallenge-frameworks-${CONFIGURATION}-output-files.xcfilelist",
			);
			runOnlyForDeploymentPostprocessing = 0;
			shellPath = /bin/sh;
			shellScript = "\"${PODS_ROOT}/Target Support Files/Pods-MarvelApiChallenge/Pods-MarvelApiChallenge-frameworks.sh\"\n";
			showEnvVarsInLog = 0;
		};
		9F02D9A4ACC0BB940616FBB1 /* [CP] Check Pods Manifest.lock */ = {
			isa = PBXShellScriptBuildPhase;
			buildActionMask = 2147483647;
			files = (
			);
			inputFileListPaths = (
			);
			inputPaths = (
				"${PODS_PODFILE_DIR_PATH}/Podfile.lock",
				"${PODS_ROOT}/Manifest.lock",
			);
			name = "[CP] Check Pods Manifest.lock";
			outputFileListPaths = (
			);
			outputPaths = (
				"$(DERIVED_FILE_DIR)/Pods-MarvelApiChallenge-checkManifestLockResult.txt",
			);
			runOnlyForDeploymentPostprocessing = 0;
			shellPath = /bin/sh;
			shellScript = "diff \"${PODS_PODFILE_DIR_PATH}/Podfile.lock\" \"${PODS_ROOT}/Manifest.lock\" > /dev/null\nif [ $? != 0 ] ; then\n    # print error to STDERR\n    echo \"error: The sandbox is not in sync with the Podfile.lock. Run 'pod install' or update your CocoaPods installation.\" >&2\n    exit 1\nfi\n# This output is used by Xcode 'outputs' to avoid re-running this script phase.\necho \"SUCCESS\" > \"${SCRIPT_OUTPUT_FILE_0}\"\n";
			showEnvVarsInLog = 0;
		};
/* End PBXShellScriptBuildPhase section */

/* Begin PBXSourcesBuildPhase section */
		775E8F012478ECA200ADA32A /* Sources */ = {
			isa = PBXSourcesBuildPhase;
			buildActionMask = 2147483647;
			files = (
				7780CAC2247B5F380059A10A /* Responses.swift in Sources */,
				775E8F0D2478ECA200ADA32A /* ListViewController.swift in Sources */,
				775E8F092478ECA200ADA32A /* AppDelegate.swift in Sources */,
				770C79DB247AFB4300601DAB /* CharacterTableViewCell.swift in Sources */,
				7780CAC6247B859C0059A10A /* Dictionary+Ext.swift in Sources */,
				7780CAC8247B99AF0059A10A /* Character.swift in Sources */,
				7780CAC0247B4EA50059A10A /* Marvel.swift in Sources */,
				77280C10247B01BB0097C27F /* CharacterDeatails.swift in Sources */,
				77F1A07D247AC992005A75A5 /* Presenter.swift in Sources */,
				7780CACA247B9FBC0059A10A /* CharacterList.swift in Sources */,
				775E8F0B2478ECA200ADA32A /* SceneDelegate.swift in Sources */,
			);
			runOnlyForDeploymentPostprocessing = 0;
		};
/* End PBXSourcesBuildPhase section */

/* Begin PBXVariantGroup section */
		775E8F0E2478ECA200ADA32A /* Main.storyboard */ = {
			isa = PBXVariantGroup;
			children = (
				775E8F0F2478ECA200ADA32A /* Base */,
			);
			name = Main.storyboard;
			sourceTree = "<group>";
		};
		775E8F132478ECA600ADA32A /* LaunchScreen.storyboard */ = {
			isa = PBXVariantGroup;
			children = (
				775E8F142478ECA600ADA32A /* Base */,
			);
			name = LaunchScreen.storyboard;
			sourceTree = "<group>";
		};
/* End PBXVariantGroup section */

/* Begin XCBuildConfiguration section */
		775E8F172478ECA600ADA32A /* Debug */ = {
			isa = XCBuildConfiguration;
			buildSettings = {
				ALWAYS_SEARCH_USER_PATHS = NO;
				CLANG_ANALYZER_NONNULL = YES;
				CLANG_ANALYZER_NUMBER_OBJECT_CONVERSION = YES_AGGRESSIVE;
				CLANG_CXX_LANGUAGE_STANDARD = "gnu++14";
				CLANG_CXX_LIBRARY = "libc++";
				CLANG_ENABLE_MODULES = YES;
				CLANG_ENABLE_OBJC_ARC = YES;
				CLANG_ENABLE_OBJC_WEAK = YES;
				CLANG_WARN_BLOCK_CAPTURE_AUTORELEASING = YES;
				CLANG_WARN_BOOL_CONVERSION = YES;
				CLANG_WARN_COMMA = YES;
				CLANG_WARN_CONSTANT_CONVERSION = YES;
				CLANG_WARN_DEPRECATED_OBJC_IMPLEMENTATIONS = YES;
				CLANG_WARN_DIRECT_OBJC_ISA_USAGE = YES_ERROR;
				CLANG_WARN_DOCUMENTATION_COMMENTS = YES;
				CLANG_WARN_EMPTY_BODY = YES;
				CLANG_WARN_ENUM_CONVERSION = YES;
				CLANG_WARN_INFINITE_RECURSION = YES;
				CLANG_WARN_INT_CONVERSION = YES;
				CLANG_WARN_NON_LITERAL_NULL_CONVERSION = YES;
				CLANG_WARN_OBJC_IMPLICIT_RETAIN_SELF = YES;
				CLANG_WARN_OBJC_LITERAL_CONVERSION = YES;
				CLANG_WARN_OBJC_ROOT_CLASS = YES_ERROR;
				CLANG_WARN_RANGE_LOOP_ANALYSIS = YES;
				CLANG_WARN_STRICT_PROTOTYPES = YES;
				CLANG_WARN_SUSPICIOUS_MOVE = YES;
				CLANG_WARN_UNGUARDED_AVAILABILITY = YES_AGGRESSIVE;
				CLANG_WARN_UNREACHABLE_CODE = YES;
				CLANG_WARN__DUPLICATE_METHOD_MATCH = YES;
				COPY_PHASE_STRIP = NO;
				DEBUG_INFORMATION_FORMAT = dwarf;
				ENABLE_STRICT_OBJC_MSGSEND = YES;
				ENABLE_TESTABILITY = YES;
				GCC_C_LANGUAGE_STANDARD = gnu11;
				GCC_DYNAMIC_NO_PIC = NO;
				GCC_NO_COMMON_BLOCKS = YES;
				GCC_OPTIMIZATION_LEVEL = 0;
				GCC_PREPROCESSOR_DEFINITIONS = (
					"DEBUG=1",
					"$(inherited)",
				);
				GCC_WARN_64_TO_32_BIT_CONVERSION = YES;
				GCC_WARN_ABOUT_RETURN_TYPE = YES_ERROR;
				GCC_WARN_UNDECLARED_SELECTOR = YES;
				GCC_WARN_UNINITIALIZED_AUTOS = YES_AGGRESSIVE;
				GCC_WARN_UNUSED_FUNCTION = YES;
				GCC_WARN_UNUSED_VARIABLE = YES;
				IPHONEOS_DEPLOYMENT_TARGET = 13.5;
				MTL_ENABLE_DEBUG_INFO = INCLUDE_SOURCE;
				MTL_FAST_MATH = YES;
				ONLY_ACTIVE_ARCH = YES;
				SDKROOT = iphoneos;
				SWIFT_ACTIVE_COMPILATION_CONDITIONS = DEBUG;
				SWIFT_OPTIMIZATION_LEVEL = "-Onone";
			};
			name = Debug;
		};
		775E8F182478ECA600ADA32A /* Release */ = {
			isa = XCBuildConfiguration;
			buildSettings = {
				ALWAYS_SEARCH_USER_PATHS = NO;
				CLANG_ANALYZER_NONNULL = YES;
				CLANG_ANALYZER_NUMBER_OBJECT_CONVERSION = YES_AGGRESSIVE;
				CLANG_CXX_LANGUAGE_STANDARD = "gnu++14";
				CLANG_CXX_LIBRARY = "libc++";
				CLANG_ENABLE_MODULES = YES;
				CLANG_ENABLE_OBJC_ARC = YES;
				CLANG_ENABLE_OBJC_WEAK = YES;
				CLANG_WARN_BLOCK_CAPTURE_AUTORELEASING = YES;
				CLANG_WARN_BOOL_CONVERSION = YES;
				CLANG_WARN_COMMA = YES;
				CLANG_WARN_CONSTANT_CONVERSION = YES;
				CLANG_WARN_DEPRECATED_OBJC_IMPLEMENTATIONS = YES;
				CLANG_WARN_DIRECT_OBJC_ISA_USAGE = YES_ERROR;
				CLANG_WARN_DOCUMENTATION_COMMENTS = YES;
				CLANG_WARN_EMPTY_BODY = YES;
				CLANG_WARN_ENUM_CONVERSION = YES;
				CLANG_WARN_INFINITE_RECURSION = YES;
				CLANG_WARN_INT_CONVERSION = YES;
				CLANG_WARN_NON_LITERAL_NULL_CONVERSION = YES;
				CLANG_WARN_OBJC_IMPLICIT_RETAIN_SELF = YES;
				CLANG_WARN_OBJC_LITERAL_CONVERSION = YES;
				CLANG_WARN_OBJC_ROOT_CLASS = YES_ERROR;
				CLANG_WARN_RANGE_LOOP_ANALYSIS = YES;
				CLANG_WARN_STRICT_PROTOTYPES = YES;
				CLANG_WARN_SUSPICIOUS_MOVE = YES;
				CLANG_WARN_UNGUARDED_AVAILABILITY = YES_AGGRESSIVE;
				CLANG_WARN_UNREACHABLE_CODE = YES;
				CLANG_WARN__DUPLICATE_METHOD_MATCH = YES;
				COPY_PHASE_STRIP = NO;
				DEBUG_INFORMATION_FORMAT = "dwarf-with-dsym";
				ENABLE_NS_ASSERTIONS = NO;
				ENABLE_STRICT_OBJC_MSGSEND = YES;
				GCC_C_LANGUAGE_STANDARD = gnu11;
				GCC_NO_COMMON_BLOCKS = YES;
				GCC_WARN_64_TO_32_BIT_CONVERSION = YES;
				GCC_WARN_ABOUT_RETURN_TYPE = YES_ERROR;
				GCC_WARN_UNDECLARED_SELECTOR = YES;
				GCC_WARN_UNINITIALIZED_AUTOS = YES_AGGRESSIVE;
				GCC_WARN_UNUSED_FUNCTION = YES;
				GCC_WARN_UNUSED_VARIABLE = YES;
				IPHONEOS_DEPLOYMENT_TARGET = 13.5;
				MTL_ENABLE_DEBUG_INFO = NO;
				MTL_FAST_MATH = YES;
				SDKROOT = iphoneos;
				SWIFT_COMPILATION_MODE = wholemodule;
				SWIFT_OPTIMIZATION_LEVEL = "-O";
				VALIDATE_PRODUCT = YES;
			};
			name = Release;
		};
		775E8F1A2478ECA600ADA32A /* Debug */ = {
			isa = XCBuildConfiguration;
			baseConfigurationReference = FF95BE09C3FC66FAAD74BF3B /* Pods-MarvelApiChallenge.debug.xcconfig */;
			buildSettings = {
				ASSETCATALOG_COMPILER_APPICON_NAME = AppIcon;
				CODE_SIGN_STYLE = Automatic;
				DEVELOPMENT_TEAM = TYNC5NT5U5;
				INFOPLIST_FILE = MarvelApiChallenge/Info.plist;
				LD_RUNPATH_SEARCH_PATHS = (
					"$(inherited)",
					"@executable_path/Frameworks",
				);
				PRODUCT_BUNDLE_IDENTIFIER = com.rangel.mestreRG.MarvelApiChallenge;
				PRODUCT_NAME = "$(TARGET_NAME)";
				SWIFT_VERSION = 5.0;
				TARGETED_DEVICE_FAMILY = "1,2";
			};
			name = Debug;
		};
		775E8F1B2478ECA600ADA32A /* Release */ = {
			isa = XCBuildConfiguration;
			baseConfigurationReference = 4DC1FC3CC850568CE75EB998 /* Pods-MarvelApiChallenge.release.xcconfig */;
			buildSettings = {
				ASSETCATALOG_COMPILER_APPICON_NAME = AppIcon;
				CODE_SIGN_STYLE = Automatic;
				DEVELOPMENT_TEAM = TYNC5NT5U5;
				INFOPLIST_FILE = MarvelApiChallenge/Info.plist;
				LD_RUNPATH_SEARCH_PATHS = (
					"$(inherited)",
					"@executable_path/Frameworks",
				);
				PRODUCT_BUNDLE_IDENTIFIER = com.rangel.mestreRG.MarvelApiChallenge;
				PRODUCT_NAME = "$(TARGET_NAME)";
				SWIFT_VERSION = 5.0;
				TARGETED_DEVICE_FAMILY = "1,2";
			};
			name = Release;
		};
/* End XCBuildConfiguration section */

/* Begin XCConfigurationList section */
		775E8F002478ECA200ADA32A /* Build configuration list for PBXProject "MarvelApiChallenge" */ = {
			isa = XCConfigurationList;
			buildConfigurations = (
				775E8F172478ECA600ADA32A /* Debug */,
				775E8F182478ECA600ADA32A /* Release */,
			);
			defaultConfigurationIsVisible = 0;
			defaultConfigurationName = Release;
		};
		775E8F192478ECA600ADA32A /* Build configuration list for PBXNativeTarget "MarvelApiChallenge" */ = {
			isa = XCConfigurationList;
			buildConfigurations = (
				775E8F1A2478ECA600ADA32A /* Debug */,
				775E8F1B2478ECA600ADA32A /* Release */,
			);
			defaultConfigurationIsVisible = 0;
			defaultConfigurationName = Release;
		};
/* End XCConfigurationList section */
	};
	rootObject = 775E8EFD2478ECA200ADA32A /* Project object */;
}
