// !$*UTF8*$!
{
	archiveVersion = 1;
	classes = {
	};
	objectVersion = 50;
	objects = {

/* Begin PBXBuildFile section */
		775E8F092478ECA200ADA32A /* AppDelegate.swift in Sources */ = {isa = PBXBuildFile; fileRef = 775E8F082478ECA200ADA32A /* AppDelegate.swift */; };
		775E8F0B2478ECA200ADA32A /* SceneDelegate.swift in Sources */ = {isa = PBXBuildFile; fileRef = 775E8F0A2478ECA200ADA32A /* SceneDelegate.swift */; };
		775E8F0D2478ECA200ADA32A /* ViewController.swift in Sources */ = {isa = PBXBuildFile; fileRef = 775E8F0C2478ECA200ADA32A /* ViewController.swift */; };
		775E8F102478ECA200ADA32A /* Main.storyboard in Resources */ = {isa = PBXBuildFile; fileRef = 775E8F0E2478ECA200ADA32A /* Main.storyboard */; };
		775E8F122478ECA600ADA32A /* Assets.xcassets in Resources */ = {isa = PBXBuildFile; fileRef = 775E8F112478ECA600ADA32A /* Assets.xcassets */; };
		775E8F152478ECA600ADA32A /* LaunchScreen.storyboard in Resources */ = {isa = PBXBuildFile; fileRef = 775E8F132478ECA600ADA32A /* LaunchScreen.storyboard */; };
/* End PBXBuildFile section */

/* Begin PBXFileReference section */
		775E8F052478ECA200ADA32A /* MarvelApiChallenge.app */ = {isa = PBXFileReference; explicitFileType = wrapper.application; includeInIndex = 0; path = MarvelApiChallenge.app; sourceTree = BUILT_PRODUCTS_DIR; };
		775E8F082478ECA200ADA32A /* AppDelegate.swift */ = {isa = PBXFileReference; lastKnownFileType = sourcecode.swift; path = AppDelegate.swift; sourceTree = "<group>"; };
		775E8F0A2478ECA200ADA32A /* SceneDelegate.swift */ = {isa = PBXFileReference; lastKnownFileType = sourcecode.swift; path = SceneDelegate.swift; sourceTree = "<group>"; };
		775E8F0C2478ECA200ADA32A /* ViewController.swift */ = {isa = PBXFileReference; lastKnownFileType = sourcecode.swift; path = ViewController.swift; sourceTree = "<group>"; };
		775E8F0F2478ECA200ADA32A /* Base */ = {isa = PBXFileReference; lastKnownFileType = file.storyboard; name = Base; path = Base.lproj/Main.storyboard; sourceTree = "<group>"; };
		775E8F112478ECA600ADA32A /* Assets.xcassets */ = {isa = PBXFileReference; lastKnownFileType = folder.assetcatalog; path = Assets.xcassets; sourceTree = "<group>"; };
		775E8F142478ECA600ADA32A /* Base */ = {isa = PBXFileReference; lastKnownFileType = file.storyboard; name = Base; path = Base.lproj/LaunchScreen.storyboard; sourceTree = "<group>"; };
		775E8F162478ECA600ADA32A /* Info.plist */ = {isa = PBXFileReference; lastKnownFileType = text.plist.xml; path = Info.plist; sourceTree = "<group>"; };
/* End PBXFileReference section */

/* Begin PBXFrameworksBuildPhase section */
		775E8F022478ECA200ADA32A /* Frameworks */ = {
			isa = PBXFrameworksBuildPhase;
			buildActionMask = 2147483647;
			files = (
			);
			runOnlyForDeploymentPostprocessing = 0;
		};
/* End PBXFrameworksBuildPhase section */

/* Begin PBXGroup section */
		775E8EFC2478ECA200ADA32A = {
			isa = PBXGroup;
			children = (
				775E8F072478ECA200ADA32A /* MarvelApiChallenge */,
				775E8F062478ECA200ADA32A /* Products */,
			);
			sourceTree = "<group>";
		};
		775E8F062478ECA200ADA32A /* Products */ = {
			isa = PBXGroup;
			children = (
				775E8F052478ECA200ADA32A /* MarvelApiChallenge.app */,
			);
			name = Products;
			sourceTree = "<group>";
		};
		775E8F072478ECA200ADA32A /* MarvelApiChallenge */ = {
			isa = PBXGroup;
			children = (
				775E8F082478ECA200ADA32A /* AppDelegate.swift */,
				775E8F0A2478ECA200ADA32A /* SceneDelegate.swift */,
				775E8F0C2478ECA200ADA32A /* ViewController.swift */,
				775E8F0E2478ECA200ADA32A /* Main.storyboard */,
				775E8F112478ECA600ADA32A /* Assets.xcassets */,
				775E8F132478ECA600ADA32A /* LaunchScreen.storyboard */,
				775E8F162478ECA600ADA32A /* Info.plist */,
			);
			path = MarvelApiChallenge;
			sourceTree = "<group>";
		};
/* End PBXGroup section */

/* Begin PBXNativeTarget section */
		775E8F042478ECA200ADA32A /* MarvelApiChallenge */ = {
			isa = PBXNativeTarget;
			buildConfigurationList = 775E8F192478ECA600ADA32A /* Build configuration list for PBXNativeTarget "MarvelApiChallenge" */;
			buildPhases = (
				775E8F012478ECA200ADA32A /* Sources */,
				775E8F022478ECA200ADA32A /* Frameworks */,
				775E8F032478ECA200ADA32A /* Resources */,
			);
			buildRules = (
			);
			dependencies = (
			);
			name = MarvelApiChallenge;
			productName = MarvelApiChallenge;
			productReference = 775E8F052478ECA200ADA32A /* MarvelApiChallenge.app */;
			productType = "com.apple.product-type.application";
		};
/* End PBXNativeTarget section */

/* Begin PBXProject section */
		775E8EFD2478ECA200ADA32A /* Project object */ = {
			isa = PBXProject;
			attributes = {
				LastSwiftUpdateCheck = 1150;
				LastUpgradeCheck = 1150;
				ORGANIZATIONNAME = "Guilherme Rangel";
				TargetAttributes = {
					775E8F042478ECA200ADA32A = {
						CreatedOnToolsVersion = 11.5;
					};
				};
			};
			buildConfigurationList = 775E8F002478ECA200ADA32A /* Build configuration list for PBXProject "MarvelApiChallenge" */;
			compatibilityVersion = "Xcode 9.3";
			developmentRegion = en;
			hasScannedForEncodings = 0;
			knownRegions = (
				en,
				Base,
			);
			mainGroup = 775E8EFC2478ECA200ADA32A;
			productRefGroup = 775E8F062478ECA200ADA32A /* Products */;
			projectDirPath = "";
			projectRoot = "";
			targets = (
				775E8F042478ECA200ADA32A /* MarvelApiChallenge */,
			);
		};
/* End PBXProject section */

/* Begin PBXResourcesBuildPhase section */
		775E8F032478ECA200ADA32A /* Resources */ = {
			isa = PBXResourcesBuildPhase;
			buildActionMask = 2147483647;
			files = (
				775E8F152478ECA600ADA32A /* LaunchScreen.storyboard in Resources */,
				775E8F122478ECA600ADA32A /* Assets.xcassets in Resources */,
				775E8F102478ECA200ADA32A /* Main.storyboard in Resources */,
			);
			runOnlyForDeploymentPostprocessing = 0;
		};
/* End PBXResourcesBuildPhase section */

/* Begin PBXSourcesBuildPhase section */
		775E8F012478ECA200ADA32A /* Sources */ = {
			isa = PBXSourcesBuildPhase;
			buildActionMask = 2147483647;
			files = (
				775E8F0D2478ECA200ADA32A /* ViewController.swift in Sources */,
				775E8F092478ECA200ADA32A /* AppDelegate.swift in Sources */,
				775E8F0B2478ECA200ADA32A /* SceneDelegate.swift in Sources */,
			);
			runOnlyForDeploymentPostprocessing = 0;
		};
/* End PBXSourcesBuildPhase section */

/* Begin PBXVariantGroup section */
		775E8F0E2478ECA200ADA32A /* Main.storyboard */ = {
			isa = PBXVariantGroup;
			children = (
				775E8F0F2478ECA200ADA32A /* Base */,
			);
			name = Main.storyboard;
			sourceTree = "<group>";
		};
		775E8F132478ECA600ADA32A /* LaunchScreen.storyboard */ = {
			isa = PBXVariantGroup;
			children = (
				775E8F142478ECA600ADA32A /* Base */,
			);
			name = LaunchScreen.storyboard;
			sourceTree = "<group>";
		};
/* End PBXVariantGroup section */

/* Begin XCBuildConfiguration section */
		775E8F172478ECA600ADA32A /* Debug */ = {
			isa = XCBuildConfiguration;
			buildSettings = {
				ALWAYS_SEARCH_USER_PATHS = NO;
				CLANG_ANALYZER_NONNULL = YES;
				CLANG_ANALYZER_NUMBER_OBJECT_CONVERSION = YES_AGGRESSIVE;
				CLANG_CXX_LANGUAGE_STANDARD = "gnu++14";
				CLANG_CXX_LIBRARY = "libc++";
				CLANG_ENABLE_MODULES = YES;
				CLANG_ENABLE_OBJC_ARC = YES;
				CLANG_ENABLE_OBJC_WEAK = YES;
				CLANG_WARN_BLOCK_CAPTURE_AUTORELEASING = YES;
				CLANG_WARN_BOOL_CONVERSION = YES;
				CLANG_WARN_COMMA = YES;
				CLANG_WARN_CONSTANT_CONVERSION = YES;
				CLANG_WARN_DEPRECATED_OBJC_IMPLEMENTATIONS = YES;
				CLANG_WARN_DIRECT_OBJC_ISA_USAGE = YES_ERROR;
				CLANG_WARN_DOCUMENTATION_COMMENTS = YES;
				CLANG_WARN_EMPTY_BODY = YES;
				CLANG_WARN_ENUM_CONVERSION = YES;
				CLANG_WARN_INFINITE_RECURSION = YES;
				CLANG_WARN_INT_CONVERSION = YES;
				CLANG_WARN_NON_LITERAL_NULL_CONVERSION = YES;
				CLANG_WARN_OBJC_IMPLICIT_RETAIN_SELF = YES;
				CLANG_WARN_OBJC_LITERAL_CONVERSION = YES;
				CLANG_WARN_OBJC_ROOT_CLASS = YES_ERROR;
				CLANG_WARN_RANGE_LOOP_ANALYSIS = YES;
				CLANG_WARN_STRICT_PROTOTYPES = YES;
				CLANG_WARN_SUSPICIOUS_MOVE = YES;
				CLANG_WARN_UNGUARDED_AVAILABILITY = YES_AGGRESSIVE;
				CLANG_WARN_UNREACHABLE_CODE = YES;
				CLANG_WARN__DUPLICATE_METHOD_MATCH = YES;
				COPY_PHASE_STRIP = NO;
				DEBUG_INFORMATION_FORMAT = dwarf;
				ENABLE_STRICT_OBJC_MSGSEND = YES;
				ENABLE_TESTABILITY = YES;
				GCC_C_LANGUAGE_STANDARD = gnu11;
				GCC_DYNAMIC_NO_PIC = NO;
				GCC_NO_COMMON_BLOCKS = YES;
				GCC_OPTIMIZATION_LEVEL = 0;
				GCC_PREPROCESSOR_DEFINITIONS = (
					"DEBUG=1",
					"$(inherited)",
				);
				GCC_WARN_64_TO_32_BIT_CONVERSION = YES;
				GCC_WARN_ABOUT_RETURN_TYPE = YES_ERROR;
				GCC_WARN_UNDECLARED_SELECTOR = YES;
				GCC_WARN_UNINITIALIZED_AUTOS = YES_AGGRESSIVE;
				GCC_WARN_UNUSED_FUNCTION = YES;
				GCC_WARN_UNUSED_VARIABLE = YES;
				IPHONEOS_DEPLOYMENT_TARGET = 13.5;
				MTL_ENABLE_DEBUG_INFO = INCLUDE_SOURCE;
				MTL_FAST_MATH = YES;
				ONLY_ACTIVE_ARCH = YES;
				SDKROOT = iphoneos;
				SWIFT_ACTIVE_COMPILATION_CONDITIONS = DEBUG;
				SWIFT_OPTIMIZATION_LEVEL = "-Onone";
			};
			name = Debug;
		};
		775E8F182478ECA600ADA32A /* Release */ = {
			isa = XCBuildConfiguration;
			buildSettings = {
				ALWAYS_SEARCH_USER_PATHS = NO;
				CLANG_ANALYZER_NONNULL = YES;
				CLANG_ANALYZER_NUMBER_OBJECT_CONVERSION = YES_AGGRESSIVE;
				CLANG_CXX_LANGUAGE_STANDARD = "gnu++14";
				CLANG_CXX_LIBRARY = "libc++";
				CLANG_ENABLE_MODULES = YES;
				CLANG_ENABLE_OBJC_ARC = YES;
				CLANG_ENABLE_OBJC_WEAK = YES;
				CLANG_WARN_BLOCK_CAPTURE_AUTORELEASING = YES;
				CLANG_WARN_BOOL_CONVERSION = YES;
				CLANG_WARN_COMMA = YES;
				CLANG_WARN_CONSTANT_CONVERSION = YES;
				CLANG_WARN_DEPRECATED_OBJC_IMPLEMENTATIONS = YES;
				CLANG_WARN_DIRECT_OBJC_ISA_USAGE = YES_ERROR;
				CLANG_WARN_DOCUMENTATION_COMMENTS = YES;
				CLANG_WARN_EMPTY_BODY = YES;
				CLANG_WARN_ENUM_CONVERSION = YES;
				CLANG_WARN_INFINITE_RECURSION = YES;
				CLANG_WARN_INT_CONVERSION = YES;
				CLANG_WARN_NON_LITERAL_NULL_CONVERSION = YES;
				CLANG_WARN_OBJC_IMPLICIT_RETAIN_SELF = YES;
				CLANG_WARN_OBJC_LITERAL_CONVERSION = YES;
				CLANG_WARN_OBJC_ROOT_CLASS = YES_ERROR;
				CLANG_WARN_RANGE_LOOP_ANALYSIS = YES;
				CLANG_WARN_STRICT_PROTOTYPES = YES;
				CLANG_WARN_SUSPICIOUS_MOVE = YES;
				CLANG_WARN_UNGUARDED_AVAILABILITY = YES_AGGRESSIVE;
				CLANG_WARN_UNREACHABLE_CODE = YES;
				CLANG_WARN__DUPLICATE_METHOD_MATCH = YES;
				COPY_PHASE_STRIP = NO;
				DEBUG_INFORMATION_FORMAT = "dwarf-with-dsym";
				ENABLE_NS_ASSERTIONS = NO;
				ENABLE_STRICT_OBJC_MSGSEND = YES;
				GCC_C_LANGUAGE_STANDARD = gnu11;
				GCC_NO_COMMON_BLOCKS = YES;
				GCC_WARN_64_TO_32_BIT_CONVERSION = YES;
				GCC_WARN_ABOUT_RETURN_TYPE = YES_ERROR;
				GCC_WARN_UNDECLARED_SELECTOR = YES;
				GCC_WARN_UNINITIALIZED_AUTOS = YES_AGGRESSIVE;
				GCC_WARN_UNUSED_FUNCTION = YES;
				GCC_WARN_UNUSED_VARIABLE = YES;
				IPHONEOS_DEPLOYMENT_TARGET = 13.5;
				MTL_ENABLE_DEBUG_INFO = NO;
				MTL_FAST_MATH = YES;
				SDKROOT = iphoneos;
				SWIFT_COMPILATION_MODE = wholemodule;
				SWIFT_OPTIMIZATION_LEVEL = "-O";
				VALIDATE_PRODUCT = YES;
			};
			name = Release;
		};
		775E8F1A2478ECA600ADA32A /* Debug */ = {
			isa = XCBuildConfiguration;
			buildSettings = {
				ASSETCATALOG_COMPILER_APPICON_NAME = AppIcon;
				CODE_SIGN_STYLE = Automatic;
				DEVELOPMENT_TEAM = TYNC5NT5U5;
				INFOPLIST_FILE = MarvelApiChallenge/Info.plist;
				LD_RUNPATH_SEARCH_PATHS = (
					"$(inherited)",
					"@executable_path/Frameworks",
				);
				PRODUCT_BUNDLE_IDENTIFIER = com.rangel.mestreRG.MarvelApiChallenge;
				PRODUCT_NAME = "$(TARGET_NAME)";
				SWIFT_VERSION = 5.0;
				TARGETED_DEVICE_FAMILY = "1,2";
			};
			name = Debug;
		};
		775E8F1B2478ECA600ADA32A /* Release */ = {
			isa = XCBuildConfiguration;
			buildSettings = {
				ASSETCATALOG_COMPILER_APPICON_NAME = AppIcon;
				CODE_SIGN_STYLE = Automatic;
				DEVELOPMENT_TEAM = TYNC5NT5U5;
				INFOPLIST_FILE = MarvelApiChallenge/Info.plist;
				LD_RUNPATH_SEARCH_PATHS = (
					"$(inherited)",
					"@executable_path/Frameworks",
				);
				PRODUCT_BUNDLE_IDENTIFIER = com.rangel.mestreRG.MarvelApiChallenge;
				PRODUCT_NAME = "$(TARGET_NAME)";
				SWIFT_VERSION = 5.0;
				TARGETED_DEVICE_FAMILY = "1,2";
			};
			name = Release;
		};
/* End XCBuildConfiguration section */

/* Begin XCConfigurationList section */
		775E8F002478ECA200ADA32A /* Build configuration list for PBXProject "MarvelApiChallenge" */ = {
			isa = XCConfigurationList;
			buildConfigurations = (
				775E8F172478ECA600ADA32A /* Debug */,
				775E8F182478ECA600ADA32A /* Release */,
			);
			defaultConfigurationIsVisible = 0;
			defaultConfigurationName = Release;
		};
		775E8F192478ECA600ADA32A /* Build configuration list for PBXNativeTarget "MarvelApiChallenge" */ = {
			isa = XCConfigurationList;
			buildConfigurations = (
				775E8F1A2478ECA600ADA32A /* Debug */,
				775E8F1B2478ECA600ADA32A /* Release */,
			);
			defaultConfigurationIsVisible = 0;
			defaultConfigurationName = Release;
		};
/* End XCConfigurationList section */
	};
	rootObject = 775E8EFD2478ECA200ADA32A /* Project object */;
}
